
Microsoft Visual Studio Solution File, Format Version 12.00
# Visual Studio 2012
Project("{FAE04EC0-301F-11D3-BF4B-00C04F79EFBC}") = "AppendixA", "Silverlight\AppendixA\AppendixA.csproj", "{C31A5F3A-B80C-4604-B43F-2E12868549E8}"
EndProject
Project("{FAE04EC0-301F-11D3-BF4B-00C04F79EFBC}") = "AppendixB", "Silverlight\AppendixB\AppendixB.csproj", "{69EAA773-7EA0-4C3C-AEF6-9D6DE70171AE}"
EndProject
Project("{FAE04EC0-301F-11D3-BF4B-00C04F79EFBC}") = "AppendixC", "Silverlight\AppendixC\AppendixC.csproj", "{7F903887-2388-4BE4-B1CE-DC6055CC8C9E}"
EndProject
Project("{FAE04EC0-301F-11D3-BF4B-00C04F79EFBC}") = "AppendixD", "Silverlight\AppendixD\AppendixD.csproj", "{57EB91A1-1FD6-4FD6-837A-05A89D6395AE}"
EndProject
Project("{FAE04EC0-301F-11D3-BF4B-00C04F79EFBC}") = "AppendixE", "Silverlight\AppendixE\AppendixE.csproj", "{20F61A2E-37DF-44C3-A4B5-BA65C9582E38}"
EndProject
Project("{FAE04EC0-301F-11D3-BF4B-00C04F79EFBC}") = "AppendixG", "Silverlight\AppendixG\AppendixG.csproj", "{46B4C929-3000-4957-9D14-F38B7DD3382A}"
EndProject
Project("{FAE04EC0-301F-11D3-BF4B-00C04F79EFBC}") = "LoadResources", "Silverlight\LoadResources\LoadResources.csproj", "{7D78C042-A55E-48FE-ABF7-8F0F2842D0F8}"
EndProject
Project("{2150E333-8FDC-42A3-9474-1A3956D46DE8}") = "WPF", "WPF", "{DF2B4652-FA62-4A0E-B64E-B13846C043DB}"
EndProject
Project("{FAE04EC0-301F-11D3-BF4B-00C04F79EFBC}") = "AppendixA.WPF", "WPF\AppendixA\AppendixA.WPF.csproj", "{17AFD8FF-DD6E-48B2-96D4-5A98D9FED634}"
EndProject
Project("{FAE04EC0-301F-11D3-BF4B-00C04F79EFBC}") = "AppendixB.WPF", "WPF\AppendixB\AppendixB.WPF.csproj", "{8EA53DC5-0AB9-42EB-AB34-4AA48EE9EA81}"
EndProject
Project("{FAE04EC0-301F-11D3-BF4B-00C04F79EFBC}") = "AppendixC.WPF", "WPF\AppendixC\AppendixC.WPF.csproj", "{9C5D3485-3F1C-4D0A-9B16-DF603816C8A8}"
EndProject
Project("{FAE04EC0-301F-11D3-BF4B-00C04F79EFBC}") = "AppendixD.WPF", "WPF\AppendixD\AppendixD.WPF.csproj", "{0421E2BB-952C-4777-95BB-E3D2BC6D687A}"
EndProject
Project("{FAE04EC0-301F-11D3-BF4B-00C04F79EFBC}") = "AppendixE.WPF", "WPF\AppendixE\AppendixE.WPF.csproj", "{BDA9E3A4-91DC-469C-B545-3247F997C6EB}"
EndProject
Project("{FAE04EC0-301F-11D3-BF4B-00C04F79EFBC}") = "AppendixG.WPF", "WPF\AppendixG\AppendixG.WPF.csproj", "{2FB36D49-6522-4EBE-9C32-7F0050C2BC70}"
EndProject
Project("{FAE04EC0-301F-11D3-BF4B-00C04F79EFBC}") = "LoadResources.WPF", "WPF\LoadResources\LoadResources.WPF.csproj", "{BCAA6692-D6D2-4994-A2AE-8CF60CD30023}"
EndProject
Project("{2150E333-8FDC-42A3-9474-1A3956D46DE8}") = "Silverlight", "Silverlight", "{4BFD79DF-E97A-4884-BF3D-00102D32FE0F}"
EndProject
Global
	GlobalSection(SolutionConfigurationPlatforms) = preSolution
		Debug|Any CPU = Debug|Any CPU
		Release|Any CPU = Release|Any CPU
	EndGlobalSection
	GlobalSection(ProjectConfigurationPlatforms) = postSolution
		{C31A5F3A-B80C-4604-B43F-2E12868549E8}.Debug|Any CPU.ActiveCfg = Debug|Any CPU
		{C31A5F3A-B80C-4604-B43F-2E12868549E8}.Debug|Any CPU.Build.0 = Debug|Any CPU
		{C31A5F3A-B80C-4604-B43F-2E12868549E8}.Release|Any CPU.ActiveCfg = Release|Any CPU
		{C31A5F3A-B80C-4604-B43F-2E12868549E8}.Release|Any CPU.Build.0 = Release|Any CPU
		{69EAA773-7EA0-4C3C-AEF6-9D6DE70171AE}.Debug|Any CPU.ActiveCfg = Debug|Any CPU
		{69EAA773-7EA0-4C3C-AEF6-9D6DE70171AE}.Debug|Any CPU.Build.0 = Debug|Any CPU
		{69EAA773-7EA0-4C3C-AEF6-9D6DE70171AE}.Release|Any CPU.ActiveCfg = Release|Any CPU
		{69EAA773-7EA0-4C3C-AEF6-9D6DE70171AE}.Release|Any CPU.Build.0 = Release|Any CPU
		{7F903887-2388-4BE4-B1CE-DC6055CC8C9E}.Debug|Any CPU.ActiveCfg = Debug|Any CPU
		{7F903887-2388-4BE4-B1CE-DC6055CC8C9E}.Debug|Any CPU.Build.0 = Debug|Any CPU
		{7F903887-2388-4BE4-B1CE-DC6055CC8C9E}.Release|Any CPU.ActiveCfg = Release|Any CPU
		{7F903887-2388-4BE4-B1CE-DC6055CC8C9E}.Release|Any CPU.Build.0 = Release|Any CPU
		{57EB91A1-1FD6-4FD6-837A-05A89D6395AE}.Debug|Any CPU.ActiveCfg = Debug|Any CPU
		{57EB91A1-1FD6-4FD6-837A-05A89D6395AE}.Debug|Any CPU.Build.0 = Debug|Any CPU
		{57EB91A1-1FD6-4FD6-837A-05A89D6395AE}.Release|Any CPU.ActiveCfg = Release|Any CPU
		{57EB91A1-1FD6-4FD6-837A-05A89D6395AE}.Release|Any CPU.Build.0 = Release|Any CPU
		{20F61A2E-37DF-44C3-A4B5-BA65C9582E38}.Debug|Any CPU.ActiveCfg = Debug|Any CPU
		{20F61A2E-37DF-44C3-A4B5-BA65C9582E38}.Debug|Any CPU.Build.0 = Debug|Any CPU
		{20F61A2E-37DF-44C3-A4B5-BA65C9582E38}.Release|Any CPU.ActiveCfg = Release|Any CPU
		{20F61A2E-37DF-44C3-A4B5-BA65C9582E38}.Release|Any CPU.Build.0 = Release|Any CPU
		{46B4C929-3000-4957-9D14-F38B7DD3382A}.Debug|Any CPU.ActiveCfg = Debug|Any CPU
		{46B4C929-3000-4957-9D14-F38B7DD3382A}.Debug|Any CPU.Build.0 = Debug|Any CPU
		{46B4C929-3000-4957-9D14-F38B7DD3382A}.Release|Any CPU.ActiveCfg = Release|Any CPU
		{46B4C929-3000-4957-9D14-F38B7DD3382A}.Release|Any CPU.Build.0 = Release|Any CPU
		{7D78C042-A55E-48FE-ABF7-8F0F2842D0F8}.Debug|Any CPU.ActiveCfg = Debug|Any CPU
		{7D78C042-A55E-48FE-ABF7-8F0F2842D0F8}.Debug|Any CPU.Build.0 = Debug|Any CPU
		{7D78C042-A55E-48FE-ABF7-8F0F2842D0F8}.Release|Any CPU.ActiveCfg = Release|Any CPU
		{7D78C042-A55E-48FE-ABF7-8F0F2842D0F8}.Release|Any CPU.Build.0 = Release|Any CPU
		{17AFD8FF-DD6E-48B2-96D4-5A98D9FED634}.Debug|Any CPU.ActiveCfg = Debug|Any CPU
		{17AFD8FF-DD6E-48B2-96D4-5A98D9FED634}.Debug|Any CPU.Build.0 = Debug|Any CPU
		{17AFD8FF-DD6E-48B2-96D4-5A98D9FED634}.Release|Any CPU.ActiveCfg = Release|Any CPU
		{17AFD8FF-DD6E-48B2-96D4-5A98D9FED634}.Release|Any CPU.Build.0 = Release|Any CPU
		{8EA53DC5-0AB9-42EB-AB34-4AA48EE9EA81}.Debug|Any CPU.ActiveCfg = Debug|Any CPU
		{8EA53DC5-0AB9-42EB-AB34-4AA48EE9EA81}.Debug|Any CPU.Build.0 = Debug|Any CPU
		{8EA53DC5-0AB9-42EB-AB34-4AA48EE9EA81}.Release|Any CPU.ActiveCfg = Release|Any CPU
		{8EA53DC5-0AB9-42EB-AB34-4AA48EE9EA81}.Release|Any CPU.Build.0 = Release|Any CPU
		{9C5D3485-3F1C-4D0A-9B16-DF603816C8A8}.Debug|Any CPU.ActiveCfg = Debug|Any CPU
		{9C5D3485-3F1C-4D0A-9B16-DF603816C8A8}.Debug|Any CPU.Build.0 = Debug|Any CPU
		{9C5D3485-3F1C-4D0A-9B16-DF603816C8A8}.Release|Any CPU.ActiveCfg = Release|Any CPU
		{9C5D3485-3F1C-4D0A-9B16-DF603816C8A8}.Release|Any CPU.Build.0 = Release|Any CPU
		{0421E2BB-952C-4777-95BB-E3D2BC6D687A}.Debug|Any CPU.ActiveCfg = Debug|Any CPU
		{0421E2BB-952C-4777-95BB-E3D2BC6D687A}.Debug|Any CPU.Build.0 = Debug|Any CPU
		{0421E2BB-952C-4777-95BB-E3D2BC6D687A}.Release|Any CPU.ActiveCfg = Release|Any CPU
		{0421E2BB-952C-4777-95BB-E3D2BC6D687A}.Release|Any CPU.Build.0 = Release|Any CPU
		{BDA9E3A4-91DC-469C-B545-3247F997C6EB}.Debug|Any CPU.ActiveCfg = Debug|Any CPU
		{BDA9E3A4-91DC-469C-B545-3247F997C6EB}.Debug|Any CPU.Build.0 = Debug|Any CPU
		{BDA9E3A4-91DC-469C-B545-3247F997C6EB}.Release|Any CPU.ActiveCfg = Release|Any CPU
		{BDA9E3A4-91DC-469C-B545-3247F997C6EB}.Release|Any CPU.Build.0 = Release|Any CPU
		{2FB36D49-6522-4EBE-9C32-7F0050C2BC70}.Debug|Any CPU.ActiveCfg = Debug|Any CPU
		{2FB36D49-6522-4EBE-9C32-7F0050C2BC70}.Debug|Any CPU.Build.0 = Debug|Any CPU
		{2FB36D49-6522-4EBE-9C32-7F0050C2BC70}.Release|Any CPU.ActiveCfg = Release|Any CPU
		{2FB36D49-6522-4EBE-9C32-7F0050C2BC70}.Release|Any CPU.Build.0 = Release|Any CPU
		{BCAA6692-D6D2-4994-A2AE-8CF60CD30023}.Debug|Any CPU.ActiveCfg = Debug|Any CPU
		{BCAA6692-D6D2-4994-A2AE-8CF60CD30023}.Debug|Any CPU.Build.0 = Debug|Any CPU
		{BCAA6692-D6D2-4994-A2AE-8CF60CD30023}.Release|Any CPU.ActiveCfg = Release|Any CPU
		{BCAA6692-D6D2-4994-A2AE-8CF60CD30023}.Release|Any CPU.Build.0 = Release|Any CPU
	EndGlobalSection
	GlobalSection(SolutionProperties) = preSolution
		HideSolutionNode = FALSE
	EndGlobalSection
	GlobalSection(NestedProjects) = preSolution
		{69EAA773-7EA0-4C3C-AEF6-9D6DE70171AE} = {4BFD79DF-E97A-4884-BF3D-00102D32FE0F}
		{7F903887-2388-4BE4-B1CE-DC6055CC8C9E} = {4BFD79DF-E97A-4884-BF3D-00102D32FE0F}
		{57EB91A1-1FD6-4FD6-837A-05A89D6395AE} = {4BFD79DF-E97A-4884-BF3D-00102D32FE0F}
		{20F61A2E-37DF-44C3-A4B5-BA65C9582E38} = {4BFD79DF-E97A-4884-BF3D-00102D32FE0F}
		{46B4C929-3000-4957-9D14-F38B7DD3382A} = {4BFD79DF-E97A-4884-BF3D-00102D32FE0F}
		{7D78C042-A55E-48FE-ABF7-8F0F2842D0F8} = {4BFD79DF-E97A-4884-BF3D-00102D32FE0F}
		{C31A5F3A-B80C-4604-B43F-2E12868549E8} = {4BFD79DF-E97A-4884-BF3D-00102D32FE0F}
		{17AFD8FF-DD6E-48B2-96D4-5A98D9FED634} = {DF2B4652-FA62-4A0E-B64E-B13846C043DB}
		{8EA53DC5-0AB9-42EB-AB34-4AA48EE9EA81} = {DF2B4652-FA62-4A0E-B64E-B13846C043DB}
		{9C5D3485-3F1C-4D0A-9B16-DF603816C8A8} = {DF2B4652-FA62-4A0E-B64E-B13846C043DB}
		{0421E2BB-952C-4777-95BB-E3D2BC6D687A} = {DF2B4652-FA62-4A0E-B64E-B13846C043DB}
		{BDA9E3A4-91DC-469C-B545-3247F997C6EB} = {DF2B4652-FA62-4A0E-B64E-B13846C043DB}
		{2FB36D49-6522-4EBE-9C32-7F0050C2BC70} = {DF2B4652-FA62-4A0E-B64E-B13846C043DB}
		{BCAA6692-D6D2-4994-A2AE-8CF60CD30023} = {DF2B4652-FA62-4A0E-B64E-B13846C043DB}
	EndGlobalSection
EndGlobal
