Microsoft Visual Studio Solution File, Format Version 12.00
# Visual Studio 2012
Project("{2150E333-8FDC-42A3-9474-1A3956D46DE8}") = "Silverlight", "Silverlight", "{0CC4272A-0AFD-4A30-9832-4E17E7F6F1FF}"
EndProject
Project("{2150E333-8FDC-42A3-9474-1A3956D46DE8}") = "WPF", "WPF", "{C8E91A70-929A-4284-B140-A8AEE9B8B4B5}"
EndProject
Project("{FAE04EC0-301F-11D3-BF4B-00C04F79EFBC}") = "MilSymbol", "Silverlight\MilSymbol\MilSymbol.csproj", "{63FFDF32-418D-42FD-992B-823EBF2A71F6}"
EndProject
Project("{FAE04EC0-301F-11D3-BF4B-00C04F79EFBC}") = "GraphicsTest", "Silverlight\GraphicsTest\GraphicsTest.csproj", "{3BA31080-FBF7-48A2-BD45-F159A14D6E36}"
	ProjectSection(ProjectDependencies) = postProject
		{63FFDF32-418D-42FD-992B-823EBF2A71F6} = {63FFDF32-418D-42FD-992B-823EBF2A71F6}
	EndProjectSection
EndProject
Project("{FAE04EC0-301F-11D3-BF4B-00C04F79EFBC}") = "MilSymUnitTest", "Silverlight\MilSymUnitTest\MilSymUnitTest.csproj", "{8F51F28E-C1B0-4E73-BF4B-A79A70D51DC7}"
	ProjectSection(ProjectDependencies) = postProject
		{63FFDF32-418D-42FD-992B-823EBF2A71F6} = {63FFDF32-418D-42FD-992B-823EBF2A71F6}
	EndProjectSection
EndProject
Project("{FAE04EC0-301F-11D3-BF4B-00C04F79EFBC}") = "BindingTest", "Silverlight\BindingTest\BindingTest.csproj", "{C4E38734-C158-484A-8903-DB65230C59BC}"
	ProjectSection(ProjectDependencies) = postProject
		{63FFDF32-418D-42FD-992B-823EBF2A71F6} = {63FFDF32-418D-42FD-992B-823EBF2A71F6}
	EndProjectSection
EndProject
Project("{FAE04EC0-301F-11D3-BF4B-00C04F79EFBC}") = "PivotTest", "Silverlight\PivotTest\PivotTest.csproj", "{1E95A0CE-F632-4149-8EEE-08ED70CA9170}"
	ProjectSection(ProjectDependencies) = postProject
		{63FFDF32-418D-42FD-992B-823EBF2A71F6} = {63FFDF32-418D-42FD-992B-823EBF2A71F6}
	EndProjectSection
EndProject
Project("{FAE04EC0-301F-11D3-BF4B-00C04F79EFBC}") = "BingSupport", "Silverlight\BingSupport\BingSupport.csproj", "{8FD9620F-8FB2-432B-8738-0FA61754C24C}"
EndProject
Project("{FAE04EC0-301F-11D3-BF4B-00C04F79EFBC}") = "MilGraph", "Silverlight\MilGraph\MilGraph.csproj", "{2D3BF459-440A-4878-B812-7A37AE15BD98}"
	ProjectSection(ProjectDependencies) = postProject
		{63FFDF32-418D-42FD-992B-823EBF2A71F6} = {63FFDF32-418D-42FD-992B-823EBF2A71F6}
	EndProjectSection
EndProject
Project("{FAE04EC0-301F-11D3-BF4B-00C04F79EFBC}") = "BingMapTest", "Silverlight\BingMapTest\BingMapTest.csproj", "{EF40F51A-F6BE-47D1-9D0F-8D19EBBC09D2}"
EndProject
Project("{FAE04EC0-301F-11D3-BF4B-00C04F79EFBC}") = "EsriMapTest", "Silverlight\EsriMapTest\EsriMapTest.csproj", "{F2239C70-1C34-4BF9-AD02-ED27CF542EBD}"
EndProject
Project("{FAE04EC0-301F-11D3-BF4B-00C04F79EFBC}") = "MapTest.Web", "Silverlight\MapTest.Web\MapTest.Web.csproj", "{FA2E5E2D-F1BE-4ABC-B3A3-A28E027C65B4}"
EndProject
Project("{FAE04EC0-301F-11D3-BF4B-00C04F79EFBC}") = "EsriSupport", "Silverlight\EsriSupport\EsriSupport.csproj", "{B4C66831-C0CF-47D2-8155-EF109E4A896B}"
EndProject
Project("{FAE04EC0-301F-11D3-BF4B-00C04F79EFBC}") = "DynamicUpdateTest", "Silverlight\DynamicUpdateTest\DynamicUpdateTest.csproj", "{424970B6-65AC-4A6F-9913-FE93D677971F}"
EndProject
Project("{FAE04EC0-301F-11D3-BF4B-00C04F79EFBC}") = "BingMapTest.WPF", "WPF\BingMapTest\BingMapTest.WPF.csproj", "{3EFD2C87-7BB2-45A1-B87C-F34343DC6656}"
EndProject
Project("{FAE04EC0-301F-11D3-BF4B-00C04F79EFBC}") = "BingSupport.WPF", "WPF\BingSupport\BingSupport.WPF.csproj", "{FB4DDBB5-C753-42AB-87F8-1BE00283625F}"
EndProject
Project("{FAE04EC0-301F-11D3-BF4B-00C04F79EFBC}") = "EsriMapTest.WPF", "WPF\EsriMapTest\EsriMapTest.WPF.csproj", "{A5AE54FE-9D6F-4B79-A509-A4B9C522D51E}"
EndProject
Project("{FAE04EC0-301F-11D3-BF4B-00C04F79EFBC}") = "EsriSupport.WPF", "WPF\EsriSupport\EsriSupport.WPF.csproj", "{95FFB719-FBCB-4346-8AFB-94159A4089C6}"
EndProject
Project("{FAE04EC0-301F-11D3-BF4B-00C04F79EFBC}") = "GraphicsTest.WPF", "WPF\GraphicsTest\GraphicsTest.WPF.csproj", "{6C8075A4-AB6C-4797-B219-D70FD63F5C49}"
EndProject
Project("{FAE04EC0-301F-11D3-BF4B-00C04F79EFBC}") = "MilGraph.WPF", "WPF\MilGraph\MilGraph.WPF.csproj", "{1A46C187-82A5-47BB-B3A4-D1D68A499A4B}"
EndProject
Project("{FAE04EC0-301F-11D3-BF4B-00C04F79EFBC}") = "MilSymbol.WPF", "WPF\MilSymbol\MilSymbol.WPF.csproj", "{5350CE70-BBF5-48F9-9D2F-0070D6065DD4}"
EndProject
Project("{FAE04EC0-301F-11D3-BF4B-00C04F79EFBC}") = "MilSymService", "MilSymService\MilSymService.csproj", "{45E4F37F-F8E3-47D5-AB79-8BBDE76B00E5}"
EndProject
Global
	GlobalSection(SolutionConfigurationPlatforms) = preSolution
		Debug|Any CPU = Debug|Any CPU
		Debug|Mixed Platforms = Debug|Mixed Platforms
		Debug|x86 = Debug|x86
		Release|Any CPU = Release|Any CPU
		Release|Mixed Platforms = Release|Mixed Platforms
		Release|x86 = Release|x86
	EndGlobalSection
	GlobalSection(ProjectConfigurationPlatforms) = postSolution
		{63FFDF32-418D-42FD-992B-823EBF2A71F6}.Debug|Any CPU.ActiveCfg = Debug|Any CPU
		{63FFDF32-418D-42FD-992B-823EBF2A71F6}.Debug|Any CPU.Build.0 = Debug|Any CPU
		{63FFDF32-418D-42FD-992B-823EBF2A71F6}.Debug|Mixed Platforms.ActiveCfg = Debug|Any CPU
		{63FFDF32-418D-42FD-992B-823EBF2A71F6}.Debug|Mixed Platforms.Build.0 = Debug|Any CPU
		{63FFDF32-418D-42FD-992B-823EBF2A71F6}.Debug|x86.ActiveCfg = Debug|Any CPU
		{63FFDF32-418D-42FD-992B-823EBF2A71F6}.Release|Any CPU.ActiveCfg = Release|Any CPU
		{63FFDF32-418D-42FD-992B-823EBF2A71F6}.Release|Any CPU.Build.0 = Release|Any CPU
		{63FFDF32-418D-42FD-992B-823EBF2A71F6}.Release|Mixed Platforms.ActiveCfg = Release|Any CPU
		{63FFDF32-418D-42FD-992B-823EBF2A71F6}.Release|Mixed Platforms.Build.0 = Release|Any CPU
		{63FFDF32-418D-42FD-992B-823EBF2A71F6}.Release|x86.ActiveCfg = Release|Any CPU
		{3BA31080-FBF7-48A2-BD45-F159A14D6E36}.Debug|Any CPU.ActiveCfg = Debug|Any CPU
		{3BA31080-FBF7-48A2-BD45-F159A14D6E36}.Debug|Any CPU.Build.0 = Debug|Any CPU
		{3BA31080-FBF7-48A2-BD45-F159A14D6E36}.Debug|Mixed Platforms.ActiveCfg = Debug|Any CPU
		{3BA31080-FBF7-48A2-BD45-F159A14D6E36}.Debug|Mixed Platforms.Build.0 = Debug|Any CPU
		{3BA31080-FBF7-48A2-BD45-F159A14D6E36}.Debug|x86.ActiveCfg = Debug|Any CPU
		{3BA31080-FBF7-48A2-BD45-F159A14D6E36}.Release|Any CPU.ActiveCfg = Release|Any CPU
		{3BA31080-FBF7-48A2-BD45-F159A14D6E36}.Release|Any CPU.Build.0 = Release|Any CPU
		{3BA31080-FBF7-48A2-BD45-F159A14D6E36}.Release|Mixed Platforms.ActiveCfg = Release|Any CPU
		{3BA31080-FBF7-48A2-BD45-F159A14D6E36}.Release|Mixed Platforms.Build.0 = Release|Any CPU
		{3BA31080-FBF7-48A2-BD45-F159A14D6E36}.Release|x86.ActiveCfg = Release|Any CPU
		{8F51F28E-C1B0-4E73-BF4B-A79A70D51DC7}.Debug|Any CPU.ActiveCfg = Debug|Any CPU
		{8F51F28E-C1B0-4E73-BF4B-A79A70D51DC7}.Debug|Any CPU.Build.0 = Debug|Any CPU
		{8F51F28E-C1B0-4E73-BF4B-A79A70D51DC7}.Debug|Mixed Platforms.ActiveCfg = Debug|Any CPU
		{8F51F28E-C1B0-4E73-BF4B-A79A70D51DC7}.Debug|Mixed Platforms.Build.0 = Debug|Any CPU
		{8F51F28E-C1B0-4E73-BF4B-A79A70D51DC7}.Debug|x86.ActiveCfg = Debug|Any CPU
		{8F51F28E-C1B0-4E73-BF4B-A79A70D51DC7}.Release|Any CPU.ActiveCfg = Release|Any CPU
		{8F51F28E-C1B0-4E73-BF4B-A79A70D51DC7}.Release|Any CPU.Build.0 = Release|Any CPU
		{8F51F28E-C1B0-4E73-BF4B-A79A70D51DC7}.Release|Mixed Platforms.ActiveCfg = Release|Any CPU
		{8F51F28E-C1B0-4E73-BF4B-A79A70D51DC7}.Release|Mixed Platforms.Build.0 = Release|Any CPU
		{8F51F28E-C1B0-4E73-BF4B-A79A70D51DC7}.Release|x86.ActiveCfg = Release|Any CPU
		{C4E38734-C158-484A-8903-DB65230C59BC}.Debug|Any CPU.ActiveCfg = Debug|Any CPU
		{C4E38734-C158-484A-8903-DB65230C59BC}.Debug|Any CPU.Build.0 = Debug|Any CPU
		{C4E38734-C158-484A-8903-DB65230C59BC}.Debug|Mixed Platforms.ActiveCfg = Debug|Any CPU
		{C4E38734-C158-484A-8903-DB65230C59BC}.Debug|Mixed Platforms.Build.0 = Debug|Any CPU
		{C4E38734-C158-484A-8903-DB65230C59BC}.Debug|x86.ActiveCfg = Debug|Any CPU
		{C4E38734-C158-484A-8903-DB65230C59BC}.Release|Any CPU.ActiveCfg = Release|Any CPU
		{C4E38734-C158-484A-8903-DB65230C59BC}.Release|Any CPU.Build.0 = Release|Any CPU
		{C4E38734-C158-484A-8903-DB65230C59BC}.Release|Mixed Platforms.ActiveCfg = Release|Any CPU
		{C4E38734-C158-484A-8903-DB65230C59BC}.Release|Mixed Platforms.Build.0 = Release|Any CPU
		{C4E38734-C158-484A-8903-DB65230C59BC}.Release|x86.ActiveCfg = Release|Any CPU
		{1E95A0CE-F632-4149-8EEE-08ED70CA9170}.Debug|Any CPU.ActiveCfg = Debug|Any CPU
		{1E95A0CE-F632-4149-8EEE-08ED70CA9170}.Debug|Any CPU.Build.0 = Debug|Any CPU
		{1E95A0CE-F632-4149-8EEE-08ED70CA9170}.Debug|Mixed Platforms.ActiveCfg = Debug|Any CPU
		{1E95A0CE-F632-4149-8EEE-08ED70CA9170}.Debug|Mixed Platforms.Build.0 = Debug|Any CPU
		{1E95A0CE-F632-4149-8EEE-08ED70CA9170}.Debug|x86.ActiveCfg = Debug|Any CPU
		{1E95A0CE-F632-4149-8EEE-08ED70CA9170}.Release|Any CPU.ActiveCfg = Release|Any CPU
		{1E95A0CE-F632-4149-8EEE-08ED70CA9170}.Release|Any CPU.Build.0 = Release|Any CPU
		{1E95A0CE-F632-4149-8EEE-08ED70CA9170}.Release|Mixed Platforms.ActiveCfg = Release|Any CPU
		{1E95A0CE-F632-4149-8EEE-08ED70CA9170}.Release|Mixed Platforms.Build.0 = Release|Any CPU
		{1E95A0CE-F632-4149-8EEE-08ED70CA9170}.Release|x86.ActiveCfg = Release|Any CPU
		{8FD9620F-8FB2-432B-8738-0FA61754C24C}.Debug|Any CPU.ActiveCfg = Debug|Any CPU
		{8FD9620F-8FB2-432B-8738-0FA61754C24C}.Debug|Any CPU.Build.0 = Debug|Any CPU
		{8FD9620F-8FB2-432B-8738-0FA61754C24C}.Debug|Mixed Platforms.ActiveCfg = Debug|Any CPU
		{8FD9620F-8FB2-432B-8738-0FA61754C24C}.Debug|Mixed Platforms.Build.0 = Debug|Any CPU
		{8FD9620F-8FB2-432B-8738-0FA61754C24C}.Debug|x86.ActiveCfg = Debug|Any CPU
		{8FD9620F-8FB2-432B-8738-0FA61754C24C}.Release|Any CPU.ActiveCfg = Release|Any CPU
		{8FD9620F-8FB2-432B-8738-0FA61754C24C}.Release|Any CPU.Build.0 = Release|Any CPU
		{8FD9620F-8FB2-432B-8738-0FA61754C24C}.Release|Mixed Platforms.ActiveCfg = Release|Any CPU
		{8FD9620F-8FB2-432B-8738-0FA61754C24C}.Release|Mixed Platforms.Build.0 = Release|Any CPU
		{8FD9620F-8FB2-432B-8738-0FA61754C24C}.Release|x86.ActiveCfg = Release|Any CPU
		{2D3BF459-440A-4878-B812-7A37AE15BD98}.Debug|Any CPU.ActiveCfg = Debug|Any CPU
		{2D3BF459-440A-4878-B812-7A37AE15BD98}.Debug|Any CPU.Build.0 = Debug|Any CPU
		{2D3BF459-440A-4878-B812-7A37AE15BD98}.Debug|Mixed Platforms.ActiveCfg = Debug|Any CPU
		{2D3BF459-440A-4878-B812-7A37AE15BD98}.Debug|Mixed Platforms.Build.0 = Debug|Any CPU
		{2D3BF459-440A-4878-B812-7A37AE15BD98}.Debug|x86.ActiveCfg = Debug|Any CPU
		{2D3BF459-440A-4878-B812-7A37AE15BD98}.Release|Any CPU.ActiveCfg = Release|Any CPU
		{2D3BF459-440A-4878-B812-7A37AE15BD98}.Release|Any CPU.Build.0 = Release|Any CPU
		{2D3BF459-440A-4878-B812-7A37AE15BD98}.Release|Mixed Platforms.ActiveCfg = Release|Any CPU
		{2D3BF459-440A-4878-B812-7A37AE15BD98}.Release|Mixed Platforms.Build.0 = Release|Any CPU
		{2D3BF459-440A-4878-B812-7A37AE15BD98}.Release|x86.ActiveCfg = Release|Any CPU
		{EF40F51A-F6BE-47D1-9D0F-8D19EBBC09D2}.Debug|Any CPU.ActiveCfg = Debug|Any CPU
		{EF40F51A-F6BE-47D1-9D0F-8D19EBBC09D2}.Debug|Any CPU.Build.0 = Debug|Any CPU
		{EF40F51A-F6BE-47D1-9D0F-8D19EBBC09D2}.Debug|Mixed Platforms.ActiveCfg = Debug|Any CPU
		{EF40F51A-F6BE-47D1-9D0F-8D19EBBC09D2}.Debug|Mixed Platforms.Build.0 = Debug|Any CPU
		{EF40F51A-F6BE-47D1-9D0F-8D19EBBC09D2}.Debug|x86.ActiveCfg = Debug|Any CPU
		{EF40F51A-F6BE-47D1-9D0F-8D19EBBC09D2}.Release|Any CPU.ActiveCfg = Release|Any CPU
		{EF40F51A-F6BE-47D1-9D0F-8D19EBBC09D2}.Release|Any CPU.Build.0 = Release|Any CPU
		{EF40F51A-F6BE-47D1-9D0F-8D19EBBC09D2}.Release|Mixed Platforms.ActiveCfg = Release|Any CPU
		{EF40F51A-F6BE-47D1-9D0F-8D19EBBC09D2}.Release|Mixed Platforms.Build.0 = Release|Any CPU
		{EF40F51A-F6BE-47D1-9D0F-8D19EBBC09D2}.Release|x86.ActiveCfg = Release|Any CPU
		{F2239C70-1C34-4BF9-AD02-ED27CF542EBD}.Debug|Any CPU.ActiveCfg = Debug|Any CPU
		{F2239C70-1C34-4BF9-AD02-ED27CF542EBD}.Debug|Any CPU.Build.0 = Debug|Any CPU
		{F2239C70-1C34-4BF9-AD02-ED27CF542EBD}.Debug|Mixed Platforms.ActiveCfg = Debug|Any CPU
		{F2239C70-1C34-4BF9-AD02-ED27CF542EBD}.Debug|Mixed Platforms.Build.0 = Debug|Any CPU
		{F2239C70-1C34-4BF9-AD02-ED27CF542EBD}.Debug|x86.ActiveCfg = Debug|Any CPU
		{F2239C70-1C34-4BF9-AD02-ED27CF542EBD}.Release|Any CPU.ActiveCfg = Release|Any CPU
		{F2239C70-1C34-4BF9-AD02-ED27CF542EBD}.Release|Any CPU.Build.0 = Release|Any CPU
		{F2239C70-1C34-4BF9-AD02-ED27CF542EBD}.Release|Mixed Platforms.ActiveCfg = Release|Any CPU
		{F2239C70-1C34-4BF9-AD02-ED27CF542EBD}.Release|Mixed Platforms.Build.0 = Release|Any CPU
		{F2239C70-1C34-4BF9-AD02-ED27CF542EBD}.Release|x86.ActiveCfg = Release|Any CPU
		{FA2E5E2D-F1BE-4ABC-B3A3-A28E027C65B4}.Debug|Any CPU.ActiveCfg = Debug|Any CPU
		{FA2E5E2D-F1BE-4ABC-B3A3-A28E027C65B4}.Debug|Any CPU.Build.0 = Debug|Any CPU
		{FA2E5E2D-F1BE-4ABC-B3A3-A28E027C65B4}.Debug|Mixed Platforms.ActiveCfg = Debug|Any CPU
		{FA2E5E2D-F1BE-4ABC-B3A3-A28E027C65B4}.Debug|Mixed Platforms.Build.0 = Debug|Any CPU
		{FA2E5E2D-F1BE-4ABC-B3A3-A28E027C65B4}.Debug|x86.ActiveCfg = Debug|Any CPU
		{FA2E5E2D-F1BE-4ABC-B3A3-A28E027C65B4}.Release|Any CPU.ActiveCfg = Release|Any CPU
		{FA2E5E2D-F1BE-4ABC-B3A3-A28E027C65B4}.Release|Any CPU.Build.0 = Release|Any CPU
		{FA2E5E2D-F1BE-4ABC-B3A3-A28E027C65B4}.Release|Mixed Platforms.ActiveCfg = Release|Any CPU
		{FA2E5E2D-F1BE-4ABC-B3A3-A28E027C65B4}.Release|Mixed Platforms.Build.0 = Release|Any CPU
		{FA2E5E2D-F1BE-4ABC-B3A3-A28E027C65B4}.Release|x86.ActiveCfg = Release|Any CPU
		{B4C66831-C0CF-47D2-8155-EF109E4A896B}.Debug|Any CPU.ActiveCfg = Debug|Any CPU
		{B4C66831-C0CF-47D2-8155-EF109E4A896B}.Debug|Any CPU.Build.0 = Debug|Any CPU
		{B4C66831-C0CF-47D2-8155-EF109E4A896B}.Debug|Mixed Platforms.ActiveCfg = Debug|Any CPU
		{B4C66831-C0CF-47D2-8155-EF109E4A896B}.Debug|Mixed Platforms.Build.0 = Debug|Any CPU
		{B4C66831-C0CF-47D2-8155-EF109E4A896B}.Debug|x86.ActiveCfg = Debug|Any CPU
		{B4C66831-C0CF-47D2-8155-EF109E4A896B}.Release|Any CPU.ActiveCfg = Release|Any CPU
		{B4C66831-C0CF-47D2-8155-EF109E4A896B}.Release|Any CPU.Build.0 = Release|Any CPU
		{B4C66831-C0CF-47D2-8155-EF109E4A896B}.Release|Mixed Platforms.ActiveCfg = Release|Any CPU
		{B4C66831-C0CF-47D2-8155-EF109E4A896B}.Release|Mixed Platforms.Build.0 = Release|Any CPU
		{B4C66831-C0CF-47D2-8155-EF109E4A896B}.Release|x86.ActiveCfg = Release|Any CPU
		{424970B6-65AC-4A6F-9913-FE93D677971F}.Debug|Any CPU.ActiveCfg = Debug|Any CPU
		{424970B6-65AC-4A6F-9913-FE93D677971F}.Debug|Any CPU.Build.0 = Debug|Any CPU
		{424970B6-65AC-4A6F-9913-FE93D677971F}.Debug|Mixed Platforms.ActiveCfg = Debug|Any CPU
		{424970B6-65AC-4A6F-9913-FE93D677971F}.Debug|Mixed Platforms.Build.0 = Debug|Any CPU
		{424970B6-65AC-4A6F-9913-FE93D677971F}.Debug|x86.ActiveCfg = Debug|Any CPU
		{424970B6-65AC-4A6F-9913-FE93D677971F}.Release|Any CPU.ActiveCfg = Release|Any CPU
		{424970B6-65AC-4A6F-9913-FE93D677971F}.Release|Any CPU.Build.0 = Release|Any CPU
		{424970B6-65AC-4A6F-9913-FE93D677971F}.Release|Mixed Platforms.ActiveCfg = Release|Any CPU
		{424970B6-65AC-4A6F-9913-FE93D677971F}.Release|Mixed Platforms.Build.0 = Release|Any CPU
		{424970B6-65AC-4A6F-9913-FE93D677971F}.Release|x86.ActiveCfg = Release|Any CPU
		{3EFD2C87-7BB2-45A1-B87C-F34343DC6656}.Debug|Any CPU.ActiveCfg = Debug|x86
		{3EFD2C87-7BB2-45A1-B87C-F34343DC6656}.Debug|Mixed Platforms.ActiveCfg = Debug|x86
		{3EFD2C87-7BB2-45A1-B87C-F34343DC6656}.Debug|Mixed Platforms.Build.0 = Debug|x86
		{3EFD2C87-7BB2-45A1-B87C-F34343DC6656}.Debug|x86.ActiveCfg = Debug|x86
		{3EFD2C87-7BB2-45A1-B87C-F34343DC6656}.Debug|x86.Build.0 = Debug|x86
		{3EFD2C87-7BB2-45A1-B87C-F34343DC6656}.Release|Any CPU.ActiveCfg = Release|x86
		{3EFD2C87-7BB2-45A1-B87C-F34343DC6656}.Release|Mixed Platforms.ActiveCfg = Release|x86
		{3EFD2C87-7BB2-45A1-B87C-F34343DC6656}.Release|Mixed Platforms.Build.0 = Release|x86
		{3EFD2C87-7BB2-45A1-B87C-F34343DC6656}.Release|x86.ActiveCfg = Release|x86
		{3EFD2C87-7BB2-45A1-B87C-F34343DC6656}.Release|x86.Build.0 = Release|x86
		{FB4DDBB5-C753-42AB-87F8-1BE00283625F}.Debug|Any CPU.ActiveCfg = Debug|Any CPU
		{FB4DDBB5-C753-42AB-87F8-1BE00283625F}.Debug|Any CPU.Build.0 = Debug|Any CPU
		{FB4DDBB5-C753-42AB-87F8-1BE00283625F}.Debug|Mixed Platforms.ActiveCfg = Debug|Any CPU
		{FB4DDBB5-C753-42AB-87F8-1BE00283625F}.Debug|Mixed Platforms.Build.0 = Debug|Any CPU
		{FB4DDBB5-C753-42AB-87F8-1BE00283625F}.Debug|x86.ActiveCfg = Debug|Any CPU
		{FB4DDBB5-C753-42AB-87F8-1BE00283625F}.Release|Any CPU.ActiveCfg = Release|Any CPU
		{FB4DDBB5-C753-42AB-87F8-1BE00283625F}.Release|Any CPU.Build.0 = Release|Any CPU
		{FB4DDBB5-C753-42AB-87F8-1BE00283625F}.Release|Mixed Platforms.ActiveCfg = Release|Any CPU
		{FB4DDBB5-C753-42AB-87F8-1BE00283625F}.Release|Mixed Platforms.Build.0 = Release|Any CPU
		{FB4DDBB5-C753-42AB-87F8-1BE00283625F}.Release|x86.ActiveCfg = Release|Any CPU
		{A5AE54FE-9D6F-4B79-A509-A4B9C522D51E}.Debug|Any CPU.ActiveCfg = Debug|x86
		{A5AE54FE-9D6F-4B79-A509-A4B9C522D51E}.Debug|Mixed Platforms.ActiveCfg = Debug|x86
		{A5AE54FE-9D6F-4B79-A509-A4B9C522D51E}.Debug|Mixed Platforms.Build.0 = Debug|x86
		{A5AE54FE-9D6F-4B79-A509-A4B9C522D51E}.Debug|x86.ActiveCfg = Debug|x86
		{A5AE54FE-9D6F-4B79-A509-A4B9C522D51E}.Debug|x86.Build.0 = Debug|x86
		{A5AE54FE-9D6F-4B79-A509-A4B9C522D51E}.Release|Any CPU.ActiveCfg = Release|x86
		{A5AE54FE-9D6F-4B79-A509-A4B9C522D51E}.Release|Mixed Platforms.ActiveCfg = Release|x86
		{A5AE54FE-9D6F-4B79-A509-A4B9C522D51E}.Release|Mixed Platforms.Build.0 = Release|x86
		{A5AE54FE-9D6F-4B79-A509-A4B9C522D51E}.Release|x86.ActiveCfg = Release|x86
		{A5AE54FE-9D6F-4B79-A509-A4B9C522D51E}.Release|x86.Build.0 = Release|x86
		{95FFB719-FBCB-4346-8AFB-94159A4089C6}.Debug|Any CPU.ActiveCfg = Debug|Any CPU
		{95FFB719-FBCB-4346-8AFB-94159A4089C6}.Debug|Any CPU.Build.0 = Debug|Any CPU
		{95FFB719-FBCB-4346-8AFB-94159A4089C6}.Debug|Mixed Platforms.ActiveCfg = Debug|Any CPU
		{95FFB719-FBCB-4346-8AFB-94159A4089C6}.Debug|Mixed Platforms.Build.0 = Debug|Any CPU
		{95FFB719-FBCB-4346-8AFB-94159A4089C6}.Debug|x86.ActiveCfg = Debug|Any CPU
		{95FFB719-FBCB-4346-8AFB-94159A4089C6}.Release|Any CPU.ActiveCfg = Release|Any CPU
		{95FFB719-FBCB-4346-8AFB-94159A4089C6}.Release|Any CPU.Build.0 = Release|Any CPU
		{95FFB719-FBCB-4346-8AFB-94159A4089C6}.Release|Mixed Platforms.ActiveCfg = Release|Any CPU
		{95FFB719-FBCB-4346-8AFB-94159A4089C6}.Release|Mixed Platforms.Build.0 = Release|Any CPU
		{95FFB719-FBCB-4346-8AFB-94159A4089C6}.Release|x86.ActiveCfg = Release|Any CPU
		{6C8075A4-AB6C-4797-B219-D70FD63F5C49}.Debug|Any CPU.ActiveCfg = Debug|x86
		{6C8075A4-AB6C-4797-B219-D70FD63F5C49}.Debug|Mixed Platforms.ActiveCfg = Debug|x86
		{6C8075A4-AB6C-4797-B219-D70FD63F5C49}.Debug|Mixed Platforms.Build.0 = Debug|x86
		{6C8075A4-AB6C-4797-B219-D70FD63F5C49}.Debug|x86.ActiveCfg = Debug|x86
		{6C8075A4-AB6C-4797-B219-D70FD63F5C49}.Debug|x86.Build.0 = Debug|x86
		{6C8075A4-AB6C-4797-B219-D70FD63F5C49}.Release|Any CPU.ActiveCfg = Release|x86
		{6C8075A4-AB6C-4797-B219-D70FD63F5C49}.Release|Mixed Platforms.ActiveCfg = Release|x86
		{6C8075A4-AB6C-4797-B219-D70FD63F5C49}.Release|Mixed Platforms.Build.0 = Release|x86
		{6C8075A4-AB6C-4797-B219-D70FD63F5C49}.Release|x86.ActiveCfg = Release|x86
		{6C8075A4-AB6C-4797-B219-D70FD63F5C49}.Release|x86.Build.0 = Release|x86
		{1A46C187-82A5-47BB-B3A4-D1D68A499A4B}.Debug|Any CPU.ActiveCfg = Debug|Any CPU
		{1A46C187-82A5-47BB-B3A4-D1D68A499A4B}.Debug|Any CPU.Build.0 = Debug|Any CPU
		{1A46C187-82A5-47BB-B3A4-D1D68A499A4B}.Debug|Mixed Platforms.ActiveCfg = Debug|Any CPU
		{1A46C187-82A5-47BB-B3A4-D1D68A499A4B}.Debug|Mixed Platforms.Build.0 = Debug|Any CPU
		{1A46C187-82A5-47BB-B3A4-D1D68A499A4B}.Debug|x86.ActiveCfg = Debug|Any CPU
		{1A46C187-82A5-47BB-B3A4-D1D68A499A4B}.Release|Any CPU.ActiveCfg = Release|Any CPU
		{1A46C187-82A5-47BB-B3A4-D1D68A499A4B}.Release|Any CPU.Build.0 = Release|Any CPU
		{1A46C187-82A5-47BB-B3A4-D1D68A499A4B}.Release|Mixed Platforms.ActiveCfg = Release|Any CPU
		{1A46C187-82A5-47BB-B3A4-D1D68A499A4B}.Release|Mixed Platforms.Build.0 = Release|Any CPU
		{1A46C187-82A5-47BB-B3A4-D1D68A499A4B}.Release|x86.ActiveCfg = Release|Any CPU
		{5350CE70-BBF5-48F9-9D2F-0070D6065DD4}.Debug|Any CPU.ActiveCfg = Debug|Any CPU
		{5350CE70-BBF5-48F9-9D2F-0070D6065DD4}.Debug|Any CPU.Build.0 = Debug|Any CPU
		{5350CE70-BBF5-48F9-9D2F-0070D6065DD4}.Debug|Mixed Platforms.ActiveCfg = Debug|Any CPU
		{5350CE70-BBF5-48F9-9D2F-0070D6065DD4}.Debug|Mixed Platforms.Build.0 = Debug|Any CPU
		{5350CE70-BBF5-48F9-9D2F-0070D6065DD4}.Debug|x86.ActiveCfg = Debug|Any CPU
		{5350CE70-BBF5-48F9-9D2F-0070D6065DD4}.Release|Any CPU.ActiveCfg = Release|Any CPU
		{5350CE70-BBF5-48F9-9D2F-0070D6065DD4}.Release|Any CPU.Build.0 = Release|Any CPU
		{5350CE70-BBF5-48F9-9D2F-0070D6065DD4}.Release|Mixed Platforms.ActiveCfg = Release|Any CPU
		{5350CE70-BBF5-48F9-9D2F-0070D6065DD4}.Release|Mixed Platforms.Build.0 = Release|Any CPU
		{5350CE70-BBF5-48F9-9D2F-0070D6065DD4}.Release|x86.ActiveCfg = Release|Any CPU
		{45E4F37F-F8E3-47D5-AB79-8BBDE76B00E5}.Debug|Any CPU.ActiveCfg = Debug|x86
		{45E4F37F-F8E3-47D5-AB79-8BBDE76B00E5}.Debug|Mixed Platforms.ActiveCfg = Debug|x86
		{45E4F37F-F8E3-47D5-AB79-8BBDE76B00E5}.Debug|Mixed Platforms.Build.0 = Debug|x86
		{45E4F37F-F8E3-47D5-AB79-8BBDE76B00E5}.Debug|x86.ActiveCfg = Debug|x86
		{45E4F37F-F8E3-47D5-AB79-8BBDE76B00E5}.Debug|x86.Build.0 = Debug|x86
		{45E4F37F-F8E3-47D5-AB79-8BBDE76B00E5}.Release|Any CPU.ActiveCfg = Release|x86
		{45E4F37F-F8E3-47D5-AB79-8BBDE76B00E5}.Release|Mixed Platforms.ActiveCfg = Release|x86
		{45E4F37F-F8E3-47D5-AB79-8BBDE76B00E5}.Release|Mixed Platforms.Build.0 = Release|x86
		{45E4F37F-F8E3-47D5-AB79-8BBDE76B00E5}.Release|x86.ActiveCfg = Release|x86
		{45E4F37F-F8E3-47D5-AB79-8BBDE76B00E5}.Release|x86.Build.0 = Release|x86
	EndGlobalSection
	GlobalSection(SolutionProperties) = preSolution
		HideSolutionNode = FALSE
	EndGlobalSection
	GlobalSection(NestedProjects) = preSolution
		{63FFDF32-418D-42FD-992B-823EBF2A71F6} = {0CC4272A-0AFD-4A30-9832-4E17E7F6F1FF}
		{3BA31080-FBF7-48A2-BD45-F159A14D6E36} = {0CC4272A-0AFD-4A30-9832-4E17E7F6F1FF}
		{8F51F28E-C1B0-4E73-BF4B-A79A70D51DC7} = {0CC4272A-0AFD-4A30-9832-4E17E7F6F1FF}
		{C4E38734-C158-484A-8903-DB65230C59BC} = {0CC4272A-0AFD-4A30-9832-4E17E7F6F1FF}
		{1E95A0CE-F632-4149-8EEE-08ED70CA9170} = {0CC4272A-0AFD-4A30-9832-4E17E7F6F1FF}
		{8FD9620F-8FB2-432B-8738-0FA61754C24C} = {0CC4272A-0AFD-4A30-9832-4E17E7F6F1FF}
		{2D3BF459-440A-4878-B812-7A37AE15BD98} = {0CC4272A-0AFD-4A30-9832-4E17E7F6F1FF}
		{EF40F51A-F6BE-47D1-9D0F-8D19EBBC09D2} = {0CC4272A-0AFD-4A30-9832-4E17E7F6F1FF}
		{F2239C70-1C34-4BF9-AD02-ED27CF542EBD} = {0CC4272A-0AFD-4A30-9832-4E17E7F6F1FF}
		{FA2E5E2D-F1BE-4ABC-B3A3-A28E027C65B4} = {0CC4272A-0AFD-4A30-9832-4E17E7F6F1FF}
		{B4C66831-C0CF-47D2-8155-EF109E4A896B} = {0CC4272A-0AFD-4A30-9832-4E17E7F6F1FF}
		{424970B6-65AC-4A6F-9913-FE93D677971F} = {0CC4272A-0AFD-4A30-9832-4E17E7F6F1FF}
		{3EFD2C87-7BB2-45A1-B87C-F34343DC6656} = {C8E91A70-929A-4284-B140-A8AEE9B8B4B5}
		{FB4DDBB5-C753-42AB-87F8-1BE00283625F} = {C8E91A70-929A-4284-B140-A8AEE9B8B4B5}
		{A5AE54FE-9D6F-4B79-A509-A4B9C522D51E} = {C8E91A70-929A-4284-B140-A8AEE9B8B4B5}
		{95FFB719-FBCB-4346-8AFB-94159A4089C6} = {C8E91A70-929A-4284-B140-A8AEE9B8B4B5}
		{6C8075A4-AB6C-4797-B219-D70FD63F5C49} = {C8E91A70-929A-4284-B140-A8AEE9B8B4B5}
		{1A46C187-82A5-47BB-B3A4-D1D68A499A4B} = {C8E91A70-929A-4284-B140-A8AEE9B8B4B5}
		{5350CE70-BBF5-48F9-9D2F-0070D6065DD4} = {C8E91A70-929A-4284-B140-A8AEE9B8B4B5}
	EndGlobalSection
EndGlobal
